
Microsoft Visual Studio Solution File, Format Version 12.00
# Visual Studio Version 17
VisualStudioVersion = 17.4.33103.184
MinimumVisualStudioVersion = 10.0.40219.1
Project("{FAE04EC0-301F-11D3-BF4B-00C04F79EFBC}") = "chess.Engine", "chess.Engine.csproj", "{5D0A3887-FE38-4333-A7F5-3C97A9F1FEBC}"
EndProject
Global
	GlobalSection(SolutionConfigurationPlatforms) = preSolution
		Debug|Any CPU = Debug|Any CPU
		Release|Any CPU = Release|Any CPU
	EndGlobalSection
	GlobalSection(ProjectConfigurationPlatforms) = postSolution
		{5D0A3887-FE38-4333-A7F5-3C97A9F1FEBC}.Debug|Any CPU.ActiveCfg = Debug|Any CPU
		{5D0A3887-FE38-4333-A7F5-3C97A9F1FEBC}.Debug|Any CPU.Build.0 = Debug|Any CPU
		{5D0A3887-FE38-4333-A7F5-3C97A9F1FEBC}.Release|Any CPU.ActiveCfg = Release|Any CPU
		{5D0A3887-FE38-4333-A7F5-3C97A9F1FEBC}.Release|Any CPU.Build.0 = Release|Any CPU
	EndGlobalSection
	GlobalSection(SolutionProperties) = preSolution
		HideSolutionNode = FALSE
	EndGlobalSection
	GlobalSection(ExtensibilityGlobals) = postSolution
		SolutionGuid = {997A50EE-93D3-41C1-9F01-86908A5FCE73}
	EndGlobalSection
EndGlobal
